
Microsoft Visual Studio Solution File, Format Version 12.00
# Visual Studio 2013
VisualStudioVersion = 12.0.30110.0
MinimumVisualStudioVersion = 10.0.40219.1
Project("{FAE04EC0-301F-11D3-BF4B-00C04F79EFBC}") = "SpiderMan", "SpiderMan\SpiderMan.csproj", "{B171E0C6-E8C4-4850-B98E-27BEB050E65B}"
EndProject
Project("{FAE04EC0-301F-11D3-BF4B-00C04F79EFBC}") = "sharp_net", "sharp_net\sharp_net.csproj", "{3251CF20-191C-4F54-B070-9C342227E358}"
EndProject
Project("{FAE04EC0-301F-11D3-BF4B-00C04F79EFBC}") = "SpiderMan.Entity", "SpiderMan.Entity\SpiderMan.Entity.csproj", "{39FB5131-DEEF-43BA-A691-C8C687C96721}"
EndProject
Project("{FAE04EC0-301F-11D3-BF4B-00C04F79EFBC}") = "Baozou.Entity", "Baozou.Entity\Baozou.Entity.csproj", "{36B5C1B1-1B45-47FD-9DF9-45CB6C0F248D}"
EndProject
Global
	GlobalSection(SolutionConfigurationPlatforms) = preSolution
		Debug|Any CPU = Debug|Any CPU
		LocalIIS|Any CPU = LocalIIS|Any CPU
		Release|Any CPU = Release|Any CPU
	EndGlobalSection
	GlobalSection(ProjectConfigurationPlatforms) = postSolution
		{B171E0C6-E8C4-4850-B98E-27BEB050E65B}.Debug|Any CPU.ActiveCfg = Debug|Any CPU
		{B171E0C6-E8C4-4850-B98E-27BEB050E65B}.Debug|Any CPU.Build.0 = Debug|Any CPU
		{B171E0C6-E8C4-4850-B98E-27BEB050E65B}.LocalIIS|Any CPU.ActiveCfg = Release|Any CPU
		{B171E0C6-E8C4-4850-B98E-27BEB050E65B}.LocalIIS|Any CPU.Build.0 = Release|Any CPU
		{B171E0C6-E8C4-4850-B98E-27BEB050E65B}.Release|Any CPU.ActiveCfg = Release|Any CPU
		{B171E0C6-E8C4-4850-B98E-27BEB050E65B}.Release|Any CPU.Build.0 = Release|Any CPU
		{3251CF20-191C-4F54-B070-9C342227E358}.Debug|Any CPU.ActiveCfg = Debug|Any CPU
		{3251CF20-191C-4F54-B070-9C342227E358}.Debug|Any CPU.Build.0 = Debug|Any CPU
		{3251CF20-191C-4F54-B070-9C342227E358}.LocalIIS|Any CPU.ActiveCfg = LocalIIS|Any CPU
		{3251CF20-191C-4F54-B070-9C342227E358}.LocalIIS|Any CPU.Build.0 = LocalIIS|Any CPU
		{3251CF20-191C-4F54-B070-9C342227E358}.Release|Any CPU.ActiveCfg = Release|Any CPU
		{3251CF20-191C-4F54-B070-9C342227E358}.Release|Any CPU.Build.0 = Release|Any CPU
		{39FB5131-DEEF-43BA-A691-C8C687C96721}.Debug|Any CPU.ActiveCfg = Debug|Any CPU
		{39FB5131-DEEF-43BA-A691-C8C687C96721}.Debug|Any CPU.Build.0 = Debug|Any CPU
		{39FB5131-DEEF-43BA-A691-C8C687C96721}.LocalIIS|Any CPU.ActiveCfg = Release|Any CPU
		{39FB5131-DEEF-43BA-A691-C8C687C96721}.LocalIIS|Any CPU.Build.0 = Release|Any CPU
		{39FB5131-DEEF-43BA-A691-C8C687C96721}.Release|Any CPU.ActiveCfg = Release|Any CPU
		{39FB5131-DEEF-43BA-A691-C8C687C96721}.Release|Any CPU.Build.0 = Release|Any CPU
		{36B5C1B1-1B45-47FD-9DF9-45CB6C0F248D}.Debug|Any CPU.ActiveCfg = Debug|Any CPU
		{36B5C1B1-1B45-47FD-9DF9-45CB6C0F248D}.Debug|Any CPU.Build.0 = Debug|Any CPU
		{36B5C1B1-1B45-47FD-9DF9-45CB6C0F248D}.LocalIIS|Any CPU.ActiveCfg = Release|Any CPU
		{36B5C1B1-1B45-47FD-9DF9-45CB6C0F248D}.LocalIIS|Any CPU.Build.0 = Release|Any CPU
		{36B5C1B1-1B45-47FD-9DF9-45CB6C0F248D}.Release|Any CPU.ActiveCfg = Release|Any CPU
		{36B5C1B1-1B45-47FD-9DF9-45CB6C0F248D}.Release|Any CPU.Build.0 = Release|Any CPU
	EndGlobalSection
	GlobalSection(SolutionProperties) = preSolution
		HideSolutionNode = FALSE
	EndGlobalSection
EndGlobal
